// !$*UTF8*$!
{
	archiveVersion = 1;
	classes = {
	};
	objectVersion = 46;
	objects = {

/* Begin PBXAggregateTarget section */
		08E3B277310A4B16BEB59FFC /* ZERO_CHECK */ = {
			isa = PBXAggregateTarget;
			buildConfigurationList = AC6DA38E5DC442749CF631F0 /* Build configuration list for PBXAggregateTarget "ZERO_CHECK" */;
			buildPhases = (
				DD0ADDB434894F00A882CCF3 /* CMake Rules */,
			);
			dependencies = (
			);
			name = ZERO_CHECK;
			productName = ZERO_CHECK;
		};
		0959F21DEEE04369AC8C032D /* ALL_BUILD */ = {
			isa = PBXAggregateTarget;
			buildConfigurationList = 06C34538F4B94DE2B591411D /* Build configuration list for PBXAggregateTarget "ALL_BUILD" */;
			buildPhases = (
				6F3F7BFE41BC48D5B024E703 /* CMake Rules */,
			);
			dependencies = (
				817FEF1A115E4E008053321A /* PBXTargetDependency */,
				D26DCC12A6D64C5984292B7C /* PBXTargetDependency */,
				7F527F1C1F64444B9E0E4D5E /* PBXTargetDependency */,
				DC08F6411EEF4A3D86CB7F55 /* PBXTargetDependency */,
			);
			name = ALL_BUILD;
			productName = ALL_BUILD;
		};
/* End PBXAggregateTarget section */

/* Begin PBXBuildFile section */
		04DF83ED2C4048DB8EE8CBDA /* /Users/mo/Documents/dev/cpp/delaunator-cpp/CMakeLists.txt */ = {isa = PBXBuildFile; fileRef = CB0191BE7DC943ABA3B0C641 /* /Users/mo/Documents/dev/cpp/delaunator-cpp/CMakeLists.txt */; };
		0D2677724DE346ACB6C9DB53 /* /Users/mo/Documents/dev/cpp/delaunator-cpp/test/src/triangle_indices.h */ = {isa = PBXBuildFile; fileRef = 4C100ED90B304F77970B51E9 /* /Users/mo/Documents/dev/cpp/delaunator-cpp/test/src/triangle_indices.h */; };
		18FBE3D6F2D14E8997D3CF96 /* /Users/mo/Documents/dev/cpp/delaunator-cpp/src/delaunator.cpp */ = {isa = PBXBuildFile; fileRef = 2E2E040AA9D6493696A1EEA2 /* /Users/mo/Documents/dev/cpp/delaunator-cpp/src/delaunator.cpp */; };
		7003C7FED6BF494AA567ACCF /* /Users/mo/Documents/dev/cpp/delaunator-cpp/test/CMakeLists.txt */ = {isa = PBXBuildFile; fileRef = 7A5622579D5B4B2B97B32878 /* /Users/mo/Documents/dev/cpp/delaunator-cpp/test/CMakeLists.txt */; };
		77938CDA60244605B72A3252 /* /Users/mo/Documents/dev/cpp/delaunator-cpp/CMakeLists.txt */ = {isa = PBXBuildFile; fileRef = FF46F3B291194CB89CFD52BE /* /Users/mo/Documents/dev/cpp/delaunator-cpp/CMakeLists.txt */; };
		8393A63321124A86AFD955D7 /* /Users/mo/Documents/dev/cpp/delaunator-cpp/src/benchmark.cpp */ = {isa = PBXBuildFile; fileRef = F471E7C2DC59429A95EFF022 /* /Users/mo/Documents/dev/cpp/delaunator-cpp/src/benchmark.cpp */; };
		860010D841454E4D9754576C /* /Users/mo/Documents/dev/cpp/delaunator-cpp/test/src/vertex_points.h */ = {isa = PBXBuildFile; fileRef = 6A7AD10BA5B9474791C991C5 /* /Users/mo/Documents/dev/cpp/delaunator-cpp/test/src/vertex_points.h */; };
		92EF492968774B13A78AEEB9 /* /Users/mo/Documents/dev/cpp/delaunator-cpp/test/src/delaunator-test.cpp */ = {isa = PBXBuildFile; fileRef = 515997448EA44A4C973C6D49 /* /Users/mo/Documents/dev/cpp/delaunator-cpp/test/src/delaunator-test.cpp */; };
		B5C949EEA30E4304897B8034 /* /Users/mo/Documents/dev/cpp/delaunator-cpp/src/delaunator.h */ = {isa = PBXBuildFile; fileRef = E87454DCB0064D8CB301832A /* /Users/mo/Documents/dev/cpp/delaunator-cpp/src/delaunator.h */; };
		CCE65582BA314924B3E804CF /* /Users/mo/Documents/dev/cpp/delaunator-cpp/test/src/vertex_points.cpp */ = {isa = PBXBuildFile; fileRef = 204EA3FBA7904341B7C48056 /* /Users/mo/Documents/dev/cpp/delaunator-cpp/test/src/vertex_points.cpp */; };
		E6D17D113C5146A49A3D7EE1 /* /Users/mo/Documents/dev/cpp/delaunator-cpp/test/src/triangle_indices.cpp */ = {isa = PBXBuildFile; fileRef = 60F42C1CC09E417FA42123B0 /* /Users/mo/Documents/dev/cpp/delaunator-cpp/test/src/triangle_indices.cpp */; };
/* End PBXBuildFile section */

/* Begin PBXBuildStyle section */
		8E9AC2D1441E47B2AE392336 /* Release */ = {
			isa = PBXBuildStyle;
			buildSettings = {
				COPY_PHASE_STRIP = NO;
			};
			name = Release;
		};
		9685527B78CD4B58878B524B /* RelWithDebInfo */ = {
			isa = PBXBuildStyle;
			buildSettings = {
				COPY_PHASE_STRIP = NO;
			};
			name = RelWithDebInfo;
		};
		977C369C56B640BDBA4A42B3 /* Debug */ = {
			isa = PBXBuildStyle;
			buildSettings = {
				COPY_PHASE_STRIP = NO;
			};
			name = Debug;
		};
		E6A342566E924198A4DCBB97 /* MinSizeRel */ = {
			isa = PBXBuildStyle;
			buildSettings = {
				COPY_PHASE_STRIP = NO;
			};
			name = MinSizeRel;
		};
/* End PBXBuildStyle section */

/* Begin PBXContainerItemProxy section */
		0443C30797CF46E79A26B288 /* PBXContainerItemProxy */ = {
			isa = PBXContainerItemProxy;
			containerPortal = 3DD1CA54E11B4E64935C74B9 /* Project object */;
			proxyType = 1;
			remoteGlobalIDString = 08E3B277310A4B16BEB59FFC;
			remoteInfo = ZERO_CHECK;
		};
		43F909912CD84A0A884630C0 /* PBXContainerItemProxy */ = {
			isa = PBXContainerItemProxy;
			containerPortal = 3DD1CA54E11B4E64935C74B9 /* Project object */;
			proxyType = 1;
			remoteGlobalIDString = 08E3B277310A4B16BEB59FFC;
			remoteInfo = ZERO_CHECK;
		};
		5A9A409678414FCFBF2B5D30 /* PBXContainerItemProxy */ = {
			isa = PBXContainerItemProxy;
			containerPortal = 3DD1CA54E11B4E64935C74B9 /* Project object */;
			proxyType = 1;
			remoteGlobalIDString = 0C4BCA6C364A4EB4B1EA74F1;
			remoteInfo = delaunator;
		};
		5B2E83E4672142DAA02E949E /* PBXContainerItemProxy */ = {
			isa = PBXContainerItemProxy;
			containerPortal = 3DD1CA54E11B4E64935C74B9 /* Project object */;
			proxyType = 1;
			remoteGlobalIDString = 08E3B277310A4B16BEB59FFC;
			remoteInfo = ZERO_CHECK;
		};
		8C18C804CBFC4C3EA27F6957 /* PBXContainerItemProxy */ = {
			isa = PBXContainerItemProxy;
			containerPortal = 3DD1CA54E11B4E64935C74B9 /* Project object */;
			proxyType = 1;
			remoteGlobalIDString = 73B723A6943940C28CD936DA;
			remoteInfo = benchmark;
		};
		9FBBC32A13774D5F9144010E /* PBXContainerItemProxy */ = {
			isa = PBXContainerItemProxy;
			containerPortal = 3DD1CA54E11B4E64935C74B9 /* Project object */;
			proxyType = 1;
			remoteGlobalIDString = 08E3B277310A4B16BEB59FFC;
			remoteInfo = ZERO_CHECK;
		};
		CBB8AA98D6454F2CB064D0BA /* PBXContainerItemProxy */ = {
			isa = PBXContainerItemProxy;
			containerPortal = 3DD1CA54E11B4E64935C74B9 /* Project object */;
			proxyType = 1;
			remoteGlobalIDString = 0C4BCA6C364A4EB4B1EA74F1;
			remoteInfo = delaunator;
		};
		D01D2D97B4AF4DE7A76D3B6A /* PBXContainerItemProxy */ = {
			isa = PBXContainerItemProxy;
			containerPortal = 3DD1CA54E11B4E64935C74B9 /* Project object */;
			proxyType = 1;
			remoteGlobalIDString = 459A13B82BF446CAB131E568;
			remoteInfo = "delaunator-tests";
		};
		E32EAC86ECDA4579949FC853 /* PBXContainerItemProxy */ = {
			isa = PBXContainerItemProxy;
			containerPortal = 3DD1CA54E11B4E64935C74B9 /* Project object */;
			proxyType = 1;
			remoteGlobalIDString = 0C4BCA6C364A4EB4B1EA74F1;
			remoteInfo = delaunator;
		};
/* End PBXContainerItemProxy section */

/* Begin PBXFileReference section */
		0654AC4A503649D79419C90F /* /Users/mo/Documents/dev/cpp/delaunator-cpp/CMakeLists.txt */ = {isa = PBXFileReference; explicitFileType = sourcecode.text; fileEncoding = 4; name = CMakeLists.txt; path = CMakeLists.txt; sourceTree = SOURCE_ROOT; };
		1D559B3883604F1699F506AD /* delaunator */ = {isa = PBXFileReference; explicitFileType = archive.ar; path = libdelaunator.a; sourceTree = BUILT_PRODUCTS_DIR; };
		204EA3FBA7904341B7C48056 /* /Users/mo/Documents/dev/cpp/delaunator-cpp/test/src/vertex_points.cpp */ = {isa = PBXFileReference; explicitFileType = sourcecode.cpp.cpp; fileEncoding = 4; name = vertex_points.cpp; path = test/src/vertex_points.cpp; sourceTree = SOURCE_ROOT; };
		26EA14E286004827AF2F6736 /* /Users/mo/Documents/dev/cpp/delaunator-cpp/CMakeLists.txt */ = {isa = PBXFileReference; explicitFileType = sourcecode.text; fileEncoding = 4; name = CMakeLists.txt; path = CMakeLists.txt; sourceTree = SOURCE_ROOT; };
		2E2E040AA9D6493696A1EEA2 /* /Users/mo/Documents/dev/cpp/delaunator-cpp/src/delaunator.cpp */ = {isa = PBXFileReference; explicitFileType = sourcecode.cpp.cpp; fileEncoding = 4; name = delaunator.cpp; path = src/delaunator.cpp; sourceTree = SOURCE_ROOT; };
		4C100ED90B304F77970B51E9 /* /Users/mo/Documents/dev/cpp/delaunator-cpp/test/src/triangle_indices.h */ = {isa = PBXFileReference; explicitFileType = sourcecode.c.h; fileEncoding = 4; name = triangle_indices.h; path = test/src/triangle_indices.h; sourceTree = SOURCE_ROOT; };
		515997448EA44A4C973C6D49 /* /Users/mo/Documents/dev/cpp/delaunator-cpp/test/src/delaunator-test.cpp */ = {isa = PBXFileReference; explicitFileType = sourcecode.cpp.cpp; fileEncoding = 4; name = "delaunator-test.cpp"; path = "test/src/delaunator-test.cpp"; sourceTree = SOURCE_ROOT; };
		60F42C1CC09E417FA42123B0 /* /Users/mo/Documents/dev/cpp/delaunator-cpp/test/src/triangle_indices.cpp */ = {isa = PBXFileReference; explicitFileType = sourcecode.cpp.cpp; fileEncoding = 4; name = triangle_indices.cpp; path = test/src/triangle_indices.cpp; sourceTree = SOURCE_ROOT; };
		6A7AD10BA5B9474791C991C5 /* /Users/mo/Documents/dev/cpp/delaunator-cpp/test/src/vertex_points.h */ = {isa = PBXFileReference; explicitFileType = sourcecode.c.h; fileEncoding = 4; name = vertex_points.h; path = test/src/vertex_points.h; sourceTree = SOURCE_ROOT; };
		7A5622579D5B4B2B97B32878 /* /Users/mo/Documents/dev/cpp/delaunator-cpp/test/CMakeLists.txt */ = {isa = PBXFileReference; explicitFileType = sourcecode.text; fileEncoding = 4; name = CMakeLists.txt; path = test/CMakeLists.txt; sourceTree = SOURCE_ROOT; };
		CB0191BE7DC943ABA3B0C641 /* /Users/mo/Documents/dev/cpp/delaunator-cpp/CMakeLists.txt */ = {isa = PBXFileReference; explicitFileType = sourcecode.text; fileEncoding = 4; name = CMakeLists.txt; path = CMakeLists.txt; sourceTree = SOURCE_ROOT; };
		D1A169A9A6594FF1BF924DAD /* delaunator-tests */ = {isa = PBXFileReference; explicitFileType = "compiled.mach-o.executable"; path = "delaunator-tests"; sourceTree = BUILT_PRODUCTS_DIR; };
		E87454DCB0064D8CB301832A /* /Users/mo/Documents/dev/cpp/delaunator-cpp/src/delaunator.h */ = {isa = PBXFileReference; explicitFileType = sourcecode.c.h; fileEncoding = 4; name = delaunator.h; path = src/delaunator.h; sourceTree = SOURCE_ROOT; };
		F471E7C2DC59429A95EFF022 /* /Users/mo/Documents/dev/cpp/delaunator-cpp/src/benchmark.cpp */ = {isa = PBXFileReference; explicitFileType = sourcecode.cpp.cpp; fileEncoding = 4; name = benchmark.cpp; path = src/benchmark.cpp; sourceTree = SOURCE_ROOT; };
		F5DE0C328A624104BB466B8F /* benchmark */ = {isa = PBXFileReference; explicitFileType = "compiled.mach-o.executable"; path = benchmark; sourceTree = BUILT_PRODUCTS_DIR; };
		FF46F3B291194CB89CFD52BE /* /Users/mo/Documents/dev/cpp/delaunator-cpp/CMakeLists.txt */ = {isa = PBXFileReference; explicitFileType = sourcecode.text; fileEncoding = 4; name = CMakeLists.txt; path = CMakeLists.txt; sourceTree = SOURCE_ROOT; };
/* End PBXFileReference section */

/* Begin PBXGroup section */
		01ED54F74DDC499E84FD02D6 /* CMake Rules */ = {
			isa = PBXGroup;
			children = (
			);
			name = "CMake Rules";
			sourceTree = "<group>";
		};
		1B3F691F663F4C908065BCC2 /* delaunator */ = {
			isa = PBXGroup;
			children = (
				B4F79CB5F7C24061ACAEADC5 /* Source Files */,
				A9449BD63CD74405A04F8F8B /* Header Files */,
				CB0191BE7DC943ABA3B0C641 /* /Users/mo/Documents/dev/cpp/delaunator-cpp/CMakeLists.txt */,
			);
			name = delaunator;
			sourceTree = "<group>";
		};
		49892213A13B45FBAB1FDDC2 = {
			isa = PBXGroup;
			children = (
				B7A7E048235047D4AA3A3EB6 /* benchmark */,
				1B3F691F663F4C908065BCC2 /* delaunator */,
				E4D03E3DFC204887B8EE7FB3 /* ALL_BUILD */,
				6B637FB92905410188EF8768 /* ZERO_CHECK */,
				C04A8F1F7CD549C08A2815E5 /* delaunator-tests */,
				E5AE1109AEB24CA8B9E46C1A /* Products */,
			);
			sourceTree = "<group>";
		};
		6B637FB92905410188EF8768 /* ZERO_CHECK */ = {
			isa = PBXGroup;
			children = (
				01ED54F74DDC499E84FD02D6 /* CMake Rules */,
				26EA14E286004827AF2F6736 /* /Users/mo/Documents/dev/cpp/delaunator-cpp/CMakeLists.txt */,
			);
			name = ZERO_CHECK;
			sourceTree = "<group>";
		};
		743DDF79869142B6A89EA8FE /* CMake Rules */ = {
			isa = PBXGroup;
			children = (
			);
			name = "CMake Rules";
			sourceTree = "<group>";
		};
		7740007FEFBB45588EB79072 /* Header Files */ = {
			isa = PBXGroup;
			children = (
				4C100ED90B304F77970B51E9 /* /Users/mo/Documents/dev/cpp/delaunator-cpp/test/src/triangle_indices.h */,
				6A7AD10BA5B9474791C991C5 /* /Users/mo/Documents/dev/cpp/delaunator-cpp/test/src/vertex_points.h */,
			);
			name = "Header Files";
			sourceTree = "<group>";
		};
		94555DA71AAC44D5A301C52A /* Source Files */ = {
			isa = PBXGroup;
			children = (
				F471E7C2DC59429A95EFF022 /* /Users/mo/Documents/dev/cpp/delaunator-cpp/src/benchmark.cpp */,
			);
			name = "Source Files";
			sourceTree = "<group>";
		};
		A9449BD63CD74405A04F8F8B /* Header Files */ = {
			isa = PBXGroup;
			children = (
				E87454DCB0064D8CB301832A /* /Users/mo/Documents/dev/cpp/delaunator-cpp/src/delaunator.h */,
			);
			name = "Header Files";
			sourceTree = "<group>";
		};
		B4F79CB5F7C24061ACAEADC5 /* Source Files */ = {
			isa = PBXGroup;
			children = (
				2E2E040AA9D6493696A1EEA2 /* /Users/mo/Documents/dev/cpp/delaunator-cpp/src/delaunator.cpp */,
			);
			name = "Source Files";
			sourceTree = "<group>";
		};
		B7A7E048235047D4AA3A3EB6 /* benchmark */ = {
			isa = PBXGroup;
			children = (
				94555DA71AAC44D5A301C52A /* Source Files */,
				FF46F3B291194CB89CFD52BE /* /Users/mo/Documents/dev/cpp/delaunator-cpp/CMakeLists.txt */,
			);
			name = benchmark;
			sourceTree = "<group>";
		};
		C04A8F1F7CD549C08A2815E5 /* delaunator-tests */ = {
			isa = PBXGroup;
			children = (
				DD05D7DD311A46E498E42944 /* Source Files */,
				7740007FEFBB45588EB79072 /* Header Files */,
				7A5622579D5B4B2B97B32878 /* /Users/mo/Documents/dev/cpp/delaunator-cpp/test/CMakeLists.txt */,
			);
			name = "delaunator-tests";
			sourceTree = "<group>";
		};
		DD05D7DD311A46E498E42944 /* Source Files */ = {
			isa = PBXGroup;
			children = (
				515997448EA44A4C973C6D49 /* /Users/mo/Documents/dev/cpp/delaunator-cpp/test/src/delaunator-test.cpp */,
				60F42C1CC09E417FA42123B0 /* /Users/mo/Documents/dev/cpp/delaunator-cpp/test/src/triangle_indices.cpp */,
				204EA3FBA7904341B7C48056 /* /Users/mo/Documents/dev/cpp/delaunator-cpp/test/src/vertex_points.cpp */,
			);
			name = "Source Files";
			sourceTree = "<group>";
		};
		E4D03E3DFC204887B8EE7FB3 /* ALL_BUILD */ = {
			isa = PBXGroup;
			children = (
				743DDF79869142B6A89EA8FE /* CMake Rules */,
				0654AC4A503649D79419C90F /* /Users/mo/Documents/dev/cpp/delaunator-cpp/CMakeLists.txt */,
			);
			name = ALL_BUILD;
			sourceTree = "<group>";
		};
		E5AE1109AEB24CA8B9E46C1A /* Products */ = {
			isa = PBXGroup;
			children = (
				F5DE0C328A624104BB466B8F /* benchmark */,
				1D559B3883604F1699F506AD /* delaunator */,
				D1A169A9A6594FF1BF924DAD /* delaunator-tests */,
			);
			name = Products;
			sourceTree = "<group>";
		};
/* End PBXGroup section */

/* Begin PBXNativeTarget section */
		0C4BCA6C364A4EB4B1EA74F1 /* delaunator */ = {
			isa = PBXNativeTarget;
			buildConfigurationList = 620E872A145A48458FC5C4A7 /* Build configuration list for PBXNativeTarget "delaunator" */;
			buildPhases = (
				D40B52C6206F4878993033D1 /* Sources */,
			);
			buildRules = (
			);
			dependencies = (
				15426ECA9F82482F95E83FFA /* PBXTargetDependency */,
			);
			name = delaunator;
			productName = delaunator;
			productReference = 1D559B3883604F1699F506AD /* delaunator */;
			productType = "com.apple.product-type.library.static";
		};
		459A13B82BF446CAB131E568 /* delaunator-tests */ = {
			isa = PBXNativeTarget;
			buildConfigurationList = 850B299B30DE48F581E9D86D /* Build configuration list for PBXNativeTarget "delaunator-tests" */;
			buildPhases = (
				E1997C7586A94C0F95E7D562 /* Sources */,
			);
			buildRules = (
			);
			dependencies = (
				E9FBF70091BC45E9A4F69527 /* PBXTargetDependency */,
				C82D7D1C7C68411EB295A7C0 /* PBXTargetDependency */,
			);
			name = "delaunator-tests";
			productName = "delaunator-tests";
			productReference = D1A169A9A6594FF1BF924DAD /* delaunator-tests */;
			productType = "com.apple.product-type.tool";
		};
		73B723A6943940C28CD936DA /* benchmark */ = {
			isa = PBXNativeTarget;
			buildConfigurationList = FB4C8FE209D54F699677AF65 /* Build configuration list for PBXNativeTarget "benchmark" */;
			buildPhases = (
				0770293551D4441EB35A16DA /* Sources */,
			);
			buildRules = (
			);
			dependencies = (
				9D67E21CFEA04D6F8A2CFEF4 /* PBXTargetDependency */,
				DDF5FC4684E24AAEBF6E0975 /* PBXTargetDependency */,
			);
			name = benchmark;
			productName = benchmark;
			productReference = F5DE0C328A624104BB466B8F /* benchmark */;
			productType = "com.apple.product-type.tool";
		};
/* End PBXNativeTarget section */

/* Begin PBXProject section */
		3DD1CA54E11B4E64935C74B9 /* Project object */ = {
			isa = PBXProject;
			attributes = {
				BuildIndependentTargetsInParallel = YES;
				LastUpgradeCheck = 0940;
			};
			buildConfigurationList = E551C6BF00414944946615BA /* Build configuration list for PBXProject "delaunator" */;
			buildSettings = {
			};
			buildStyles = (
				977C369C56B640BDBA4A42B3 /* Debug */,
				8E9AC2D1441E47B2AE392336 /* Release */,
				E6A342566E924198A4DCBB97 /* MinSizeRel */,
				9685527B78CD4B58878B524B /* RelWithDebInfo */,
			);
			compatibilityVersion = "Xcode 3.2";
			hasScannedForEncodings = 0;
			mainGroup = 49892213A13B45FBAB1FDDC2;
			projectDirPath = ../;
			projectRoot = "";
			targets = (
				0959F21DEEE04369AC8C032D /* ALL_BUILD */,
				08E3B277310A4B16BEB59FFC /* ZERO_CHECK */,
				73B723A6943940C28CD936DA /* benchmark */,
				0C4BCA6C364A4EB4B1EA74F1 /* delaunator */,
				459A13B82BF446CAB131E568 /* delaunator-tests */,
			);
		};
/* End PBXProject section */

/* Begin PBXShellScriptBuildPhase section */
		1A0A1A8E0CB645C291C37060 = {
			isa = PBXShellScriptBuildPhase;
			buildActionMask = 2147483647;
			files = (
			);
			inputPaths = (
			);
			outputPaths = (
			);
			runOnlyForDeploymentPostprocessing = 0;
			shellPath = /bin/sh;
			shellScript = "# shell script goes here
exit 0";
			showEnvVarsInLog = 0;
		};
		39DEFA869BC346739606B3CE = {
			isa = PBXShellScriptBuildPhase;
			buildActionMask = 2147483647;
			files = (
			);
			inputPaths = (
			);
			outputPaths = (
			);
			runOnlyForDeploymentPostprocessing = 0;
			shellPath = /bin/sh;
			shellScript = "# shell script goes here
exit 0";
			showEnvVarsInLog = 0;
		};
		6F3F7BFE41BC48D5B024E703 /* CMake Rules */ = {
			isa = PBXShellScriptBuildPhase;
			buildActionMask = 2147483647;
			files = (
			);
			name = "CMake Rules";
			runOnlyForDeploymentPostprocessing = 0;
			shellPath = /bin/sh;
			shellScript = "make -C /Users/mo/Documents/dev/cpp/delaunator-cpp/build-xcode -f /Users/mo/Documents/dev/cpp/delaunator-cpp/build-xcode/CMakeScripts/ALL_BUILD_cmakeRulesBuildPhase.make$CONFIGURATION all";
			showEnvVarsInLog = 0;
		};
		DD0ADDB434894F00A882CCF3 /* CMake Rules */ = {
			isa = PBXShellScriptBuildPhase;
			buildActionMask = 2147483647;
			files = (
			);
			name = "CMake Rules";
			runOnlyForDeploymentPostprocessing = 0;
			shellPath = /bin/sh;
			shellScript = "make -C /Users/mo/Documents/dev/cpp/delaunator-cpp/build-xcode -f /Users/mo/Documents/dev/cpp/delaunator-cpp/build-xcode/CMakeScripts/ZERO_CHECK_cmakeRulesBuildPhase.make$CONFIGURATION all";
			showEnvVarsInLog = 0;
		};
/* End PBXShellScriptBuildPhase section */

/* Begin PBXSourcesBuildPhase section */
		0770293551D4441EB35A16DA /* Sources */ = {
			isa = PBXSourcesBuildPhase;
			buildActionMask = 2147483647;
			files = (
				8393A63321124A86AFD955D7 /* /Users/mo/Documents/dev/cpp/delaunator-cpp/src/benchmark.cpp */,
			);
			runOnlyForDeploymentPostprocessing = 0;
		};
		D40B52C6206F4878993033D1 /* Sources */ = {
			isa = PBXSourcesBuildPhase;
			buildActionMask = 2147483647;
			files = (
				18FBE3D6F2D14E8997D3CF96 /* /Users/mo/Documents/dev/cpp/delaunator-cpp/src/delaunator.cpp */,
			);
			runOnlyForDeploymentPostprocessing = 0;
		};
		E1997C7586A94C0F95E7D562 /* Sources */ = {
			isa = PBXSourcesBuildPhase;
			buildActionMask = 2147483647;
			files = (
				92EF492968774B13A78AEEB9 /* /Users/mo/Documents/dev/cpp/delaunator-cpp/test/src/delaunator-test.cpp */,
				E6D17D113C5146A49A3D7EE1 /* /Users/mo/Documents/dev/cpp/delaunator-cpp/test/src/triangle_indices.cpp */,
				CCE65582BA314924B3E804CF /* /Users/mo/Documents/dev/cpp/delaunator-cpp/test/src/vertex_points.cpp */,
			);
			runOnlyForDeploymentPostprocessing = 0;
		};
/* End PBXSourcesBuildPhase section */

/* Begin PBXTargetDependency section */
		15426ECA9F82482F95E83FFA /* PBXTargetDependency */ = {
			isa = PBXTargetDependency;
			target = 08E3B277310A4B16BEB59FFC /* ZERO_CHECK */;
			targetProxy = 9FBBC32A13774D5F9144010E /* PBXContainerItemProxy */;
		};
		7F527F1C1F64444B9E0E4D5E /* PBXTargetDependency */ = {
			isa = PBXTargetDependency;
			target = 459A13B82BF446CAB131E568 /* delaunator-tests */;
			targetProxy = D01D2D97B4AF4DE7A76D3B6A /* PBXContainerItemProxy */;
		};
		817FEF1A115E4E008053321A /* PBXTargetDependency */ = {
			isa = PBXTargetDependency;
			target = 73B723A6943940C28CD936DA /* benchmark */;
			targetProxy = 8C18C804CBFC4C3EA27F6957 /* PBXContainerItemProxy */;
		};
		9D67E21CFEA04D6F8A2CFEF4 /* PBXTargetDependency */ = {
			isa = PBXTargetDependency;
			target = 0C4BCA6C364A4EB4B1EA74F1 /* delaunator */;
			targetProxy = 5A9A409678414FCFBF2B5D30 /* PBXContainerItemProxy */;
		};
		C82D7D1C7C68411EB295A7C0 /* PBXTargetDependency */ = {
			isa = PBXTargetDependency;
			target = 08E3B277310A4B16BEB59FFC /* ZERO_CHECK */;
			targetProxy = 0443C30797CF46E79A26B288 /* PBXContainerItemProxy */;
		};
		D26DCC12A6D64C5984292B7C /* PBXTargetDependency */ = {
			isa = PBXTargetDependency;
			target = 0C4BCA6C364A4EB4B1EA74F1 /* delaunator */;
			targetProxy = E32EAC86ECDA4579949FC853 /* PBXContainerItemProxy */;
		};
		DC08F6411EEF4A3D86CB7F55 /* PBXTargetDependency */ = {
			isa = PBXTargetDependency;
			target = 08E3B277310A4B16BEB59FFC /* ZERO_CHECK */;
			targetProxy = 5B2E83E4672142DAA02E949E /* PBXContainerItemProxy */;
		};
		DDF5FC4684E24AAEBF6E0975 /* PBXTargetDependency */ = {
			isa = PBXTargetDependency;
			target = 08E3B277310A4B16BEB59FFC /* ZERO_CHECK */;
			targetProxy = 43F909912CD84A0A884630C0 /* PBXContainerItemProxy */;
		};
		E9FBF70091BC45E9A4F69527 /* PBXTargetDependency */ = {
			isa = PBXTargetDependency;
			target = 0C4BCA6C364A4EB4B1EA74F1 /* delaunator */;
			targetProxy = CBB8AA98D6454F2CB064D0BA /* PBXContainerItemProxy */;
		};
/* End PBXTargetDependency section */

/* Begin XCBuildConfiguration section */
		00D1ADA75BF04CCCAB1448F0 /* MinSizeRel */ = {
			isa = XCBuildConfiguration;
			buildSettings = {
				COMBINE_HIDPI_IMAGES = YES;
				EXECUTABLE_PREFIX = "";
				EXECUTABLE_SUFFIX = "";
				GCC_GENERATE_DEBUGGING_SYMBOLS = NO;
				GCC_INLINES_ARE_PRIVATE_EXTERN = NO;
				GCC_OPTIMIZATION_LEVEL = s;
				GCC_PREPROCESSOR_DEFINITIONS = ("'CMAKE_INTDIR=\"$(CONFIGURATION)$(EFFECTIVE_PLATFORM_NAME)\"'");
				GCC_SYMBOLS_PRIVATE_EXTERN = NO;
				INSTALL_PATH = "";
				LIBRARY_SEARCH_PATHS = "";
				OTHER_CPLUSPLUSFLAGS = "    -DNDEBUG '-std=gnu++14'  ";
				OTHER_LDFLAGS = " -Wl,-search_paths_first -Wl,-headerpad_max_install_names  /Users/mo/Documents/dev/cpp/delaunator-cpp/build-xcode/MinSizeRel/libdelaunator.a";
				OTHER_REZFLAGS = "";
				PRODUCT_NAME = benchmark;
				SECTORDER_FLAGS = "";
				SYMROOT = "/Users/mo/Documents/dev/cpp/delaunator-cpp/build-xcode";
				USE_HEADERMAP = NO;
				WARNING_CFLAGS = ("-Wmost","-Wno-four-char-constants","-Wno-unknown-pragmas","$(inherited)");
			};
			name = MinSizeRel;
		};
		176621324E894D368BEC8696 /* MinSizeRel */ = {
			isa = XCBuildConfiguration;
			buildSettings = {
				COMBINE_HIDPI_IMAGES = YES;
				GCC_GENERATE_DEBUGGING_SYMBOLS = YES;
				GCC_INLINES_ARE_PRIVATE_EXTERN = NO;
				GCC_OPTIMIZATION_LEVEL = 0;
				GCC_PREPROCESSOR_DEFINITIONS = ("'CMAKE_INTDIR=\"$(CONFIGURATION)$(EFFECTIVE_PLATFORM_NAME)\"'");
				GCC_SYMBOLS_PRIVATE_EXTERN = NO;
				INSTALL_PATH = "";
				OTHER_LDFLAGS = " ";
				OTHER_REZFLAGS = "";
				PRODUCT_NAME = ALL_BUILD;
				SECTORDER_FLAGS = "";
				SYMROOT = "/Users/mo/Documents/dev/cpp/delaunator-cpp/build-xcode";
				USE_HEADERMAP = NO;
				WARNING_CFLAGS = ("-Wmost","-Wno-four-char-constants","-Wno-unknown-pragmas","$(inherited)");
			};
			name = MinSizeRel;
		};
		19B6DAA2D63E4092A6ABAA69 /* RelWithDebInfo */ = {
			isa = XCBuildConfiguration;
			buildSettings = {
				COMBINE_HIDPI_IMAGES = YES;
				GCC_GENERATE_DEBUGGING_SYMBOLS = YES;
				GCC_INLINES_ARE_PRIVATE_EXTERN = NO;
				GCC_OPTIMIZATION_LEVEL = 0;
				GCC_PREPROCESSOR_DEFINITIONS = ("'CMAKE_INTDIR=\"$(CONFIGURATION)$(EFFECTIVE_PLATFORM_NAME)\"'");
				GCC_SYMBOLS_PRIVATE_EXTERN = NO;
				INSTALL_PATH = "";
				OTHER_LDFLAGS = " ";
				OTHER_REZFLAGS = "";
				PRODUCT_NAME = ALL_BUILD;
				SECTORDER_FLAGS = "";
				SYMROOT = "/Users/mo/Documents/dev/cpp/delaunator-cpp/build-xcode";
				USE_HEADERMAP = NO;
				WARNING_CFLAGS = ("-Wmost","-Wno-four-char-constants","-Wno-unknown-pragmas","$(inherited)");
			};
			name = RelWithDebInfo;
		};
		33443EB628C44EDFB10D7141 /* MinSizeRel */ = {
			isa = XCBuildConfiguration;
			buildSettings = {
				ONLY_ACTIVE_ARCH = YES;
				SDKROOT = /Applications/Xcode.app/Contents/Developer/Platforms/MacOSX.platform/Developer/SDKs/MacOSX10.13.sdk;
				SYMROOT = "/Users/mo/Documents/dev/cpp/delaunator-cpp/build-xcode/build";
			};
			name = MinSizeRel;
		};
		356EDD6450824E13844D57F5 /* Release */ = {
			isa = XCBuildConfiguration;
			buildSettings = {
				COMBINE_HIDPI_IMAGES = YES;
				GCC_GENERATE_DEBUGGING_SYMBOLS = YES;
				GCC_INLINES_ARE_PRIVATE_EXTERN = NO;
				GCC_OPTIMIZATION_LEVEL = 0;
				GCC_PREPROCESSOR_DEFINITIONS = ("'CMAKE_INTDIR=\"$(CONFIGURATION)$(EFFECTIVE_PLATFORM_NAME)\"'");
				GCC_SYMBOLS_PRIVATE_EXTERN = NO;
				INSTALL_PATH = "";
				OTHER_LDFLAGS = " ";
				OTHER_REZFLAGS = "";
				PRODUCT_NAME = ALL_BUILD;
				SECTORDER_FLAGS = "";
				SYMROOT = "/Users/mo/Documents/dev/cpp/delaunator-cpp/build-xcode";
				USE_HEADERMAP = NO;
				WARNING_CFLAGS = ("-Wmost","-Wno-four-char-constants","-Wno-unknown-pragmas","$(inherited)");
			};
			name = Release;
		};
		39398644B5DF4D6FA87447A0 /* RelWithDebInfo */ = {
			isa = XCBuildConfiguration;
			buildSettings = {
				COMBINE_HIDPI_IMAGES = YES;
				EXECUTABLE_PREFIX = "";
				EXECUTABLE_SUFFIX = "";
				GCC_GENERATE_DEBUGGING_SYMBOLS = YES;
				GCC_INLINES_ARE_PRIVATE_EXTERN = NO;
				GCC_OPTIMIZATION_LEVEL = 2;
				GCC_PREPROCESSOR_DEFINITIONS = ("'CMAKE_INTDIR=\"$(CONFIGURATION)$(EFFECTIVE_PLATFORM_NAME)\"'");
				GCC_SYMBOLS_PRIVATE_EXTERN = NO;
				HEADER_SEARCH_PATHS = ("/Users/mo/Documents/dev/cpp/delaunator-cpp/src","/Users/mo/Documents/dev/cpp/delaunator-cpp/includes/catch/single_include/catch2");
				INSTALL_PATH = "";
				LIBRARY_SEARCH_PATHS = "";
				OTHER_CPLUSPLUSFLAGS = "       -DNDEBUG '-std=gnu++14'  ";
				OTHER_LDFLAGS = " -Wl,-search_paths_first -Wl,-headerpad_max_install_names  /Users/mo/Documents/dev/cpp/delaunator-cpp/build-xcode/RelWithDebInfo/libdelaunator.a";
				OTHER_REZFLAGS = "";
				PRODUCT_NAME = "delaunator-tests";
				SECTORDER_FLAGS = "";
				SYMROOT = "/Users/mo/Documents/dev/cpp/delaunator-cpp/build-xcode/test";
				USE_HEADERMAP = NO;
				WARNING_CFLAGS = ("-Wmost","-Wno-four-char-constants","-Wno-unknown-pragmas","$(inherited)");
			};
			name = RelWithDebInfo;
		};
		3FB6B118F989456BB864B853 /* MinSizeRel */ = {
			isa = XCBuildConfiguration;
			buildSettings = {
				COMBINE_HIDPI_IMAGES = YES;
				EXECUTABLE_PREFIX = "";
				EXECUTABLE_SUFFIX = "";
				GCC_GENERATE_DEBUGGING_SYMBOLS = NO;
				GCC_INLINES_ARE_PRIVATE_EXTERN = NO;
				GCC_OPTIMIZATION_LEVEL = s;
				GCC_PREPROCESSOR_DEFINITIONS = ("'CMAKE_INTDIR=\"$(CONFIGURATION)$(EFFECTIVE_PLATFORM_NAME)\"'");
				GCC_SYMBOLS_PRIVATE_EXTERN = NO;
				HEADER_SEARCH_PATHS = ("/Users/mo/Documents/dev/cpp/delaunator-cpp/src","/Users/mo/Documents/dev/cpp/delaunator-cpp/includes/catch/single_include/catch2");
				INSTALL_PATH = "";
				LIBRARY_SEARCH_PATHS = "";
				OTHER_CPLUSPLUSFLAGS = "    -DNDEBUG '-std=gnu++14'  ";
				OTHER_LDFLAGS = " -Wl,-search_paths_first -Wl,-headerpad_max_install_names  /Users/mo/Documents/dev/cpp/delaunator-cpp/build-xcode/MinSizeRel/libdelaunator.a";
				OTHER_REZFLAGS = "";
				PRODUCT_NAME = "delaunator-tests";
				SECTORDER_FLAGS = "";
				SYMROOT = "/Users/mo/Documents/dev/cpp/delaunator-cpp/build-xcode/test";
				USE_HEADERMAP = NO;
				WARNING_CFLAGS = ("-Wmost","-Wno-four-char-constants","-Wno-unknown-pragmas","$(inherited)");
			};
			name = MinSizeRel;
		};
		40179AA4DE5F42729C5C0DFE /* Debug */ = {
			isa = XCBuildConfiguration;
			buildSettings = {
				COMBINE_HIDPI_IMAGES = YES;
				GCC_GENERATE_DEBUGGING_SYMBOLS = YES;
				GCC_INLINES_ARE_PRIVATE_EXTERN = NO;
				GCC_OPTIMIZATION_LEVEL = 0;
				GCC_PREPROCESSOR_DEFINITIONS = ("'CMAKE_INTDIR=\"$(CONFIGURATION)$(EFFECTIVE_PLATFORM_NAME)\"'");
				GCC_SYMBOLS_PRIVATE_EXTERN = NO;
				INSTALL_PATH = "";
				OTHER_LDFLAGS = " ";
				OTHER_REZFLAGS = "";
				PRODUCT_NAME = ALL_BUILD;
				SECTORDER_FLAGS = "";
				SYMROOT = "/Users/mo/Documents/dev/cpp/delaunator-cpp/build-xcode";
				USE_HEADERMAP = NO;
				WARNING_CFLAGS = ("-Wmost","-Wno-four-char-constants","-Wno-unknown-pragmas","$(inherited)");
			};
			name = Debug;
		};
		47FDEB2F2D66428C9FE56467 /* Release */ = {
			isa = XCBuildConfiguration;
			buildSettings = {
				COMBINE_HIDPI_IMAGES = YES;
				GCC_GENERATE_DEBUGGING_SYMBOLS = YES;
				GCC_INLINES_ARE_PRIVATE_EXTERN = NO;
				GCC_OPTIMIZATION_LEVEL = 0;
				GCC_PREPROCESSOR_DEFINITIONS = ("'CMAKE_INTDIR=\"$(CONFIGURATION)$(EFFECTIVE_PLATFORM_NAME)\"'");
				GCC_SYMBOLS_PRIVATE_EXTERN = NO;
				INSTALL_PATH = "";
				OTHER_LDFLAGS = " ";
				OTHER_REZFLAGS = "";
				PRODUCT_NAME = ZERO_CHECK;
				SECTORDER_FLAGS = "";
				SYMROOT = "/Users/mo/Documents/dev/cpp/delaunator-cpp/build-xcode";
				USE_HEADERMAP = NO;
				WARNING_CFLAGS = ("-Wmost","-Wno-four-char-constants","-Wno-unknown-pragmas","$(inherited)");
			};
			name = Release;
		};
		4BB3909AC5D44CA8B6E2B63D /* RelWithDebInfo */ = {
			isa = XCBuildConfiguration;
			buildSettings = {
				COMBINE_HIDPI_IMAGES = YES;
				GCC_GENERATE_DEBUGGING_SYMBOLS = YES;
				GCC_INLINES_ARE_PRIVATE_EXTERN = NO;
				GCC_OPTIMIZATION_LEVEL = 0;
				GCC_PREPROCESSOR_DEFINITIONS = ("'CMAKE_INTDIR=\"$(CONFIGURATION)$(EFFECTIVE_PLATFORM_NAME)\"'");
				GCC_SYMBOLS_PRIVATE_EXTERN = NO;
				INSTALL_PATH = "";
				OTHER_LDFLAGS = " ";
				OTHER_REZFLAGS = "";
				PRODUCT_NAME = ZERO_CHECK;
				SECTORDER_FLAGS = "";
				SYMROOT = "/Users/mo/Documents/dev/cpp/delaunator-cpp/build-xcode";
				USE_HEADERMAP = NO;
				WARNING_CFLAGS = ("-Wmost","-Wno-four-char-constants","-Wno-unknown-pragmas","$(inherited)");
			};
			name = RelWithDebInfo;
		};
		4FA8B7F8C08B4EAE898AB68F /* Release */ = {
			isa = XCBuildConfiguration;
			buildSettings = {
				COMBINE_HIDPI_IMAGES = YES;
				EXECUTABLE_PREFIX = lib;
				EXECUTABLE_SUFFIX = .a;
				GCC_GENERATE_DEBUGGING_SYMBOLS = NO;
				GCC_INLINES_ARE_PRIVATE_EXTERN = NO;
				GCC_OPTIMIZATION_LEVEL = 3;
				GCC_PREPROCESSOR_DEFINITIONS = ("'CMAKE_INTDIR=\"$(CONFIGURATION)$(EFFECTIVE_PLATFORM_NAME)\"'");
				GCC_SYMBOLS_PRIVATE_EXTERN = NO;
				INSTALL_PATH = "";
				LIBRARY_STYLE = STATIC;
				OTHER_CPLUSPLUSFLAGS = "    -DNDEBUG '-std=gnu++14'  ";
				OTHER_LIBTOOLFLAGS = " ";
				OTHER_REZFLAGS = "";
				PRODUCT_NAME = delaunator;
				SECTORDER_FLAGS = "";
				SYMROOT = "/Users/mo/Documents/dev/cpp/delaunator-cpp/build-xcode";
				USE_HEADERMAP = NO;
				WARNING_CFLAGS = ("-Wmost","-Wno-four-char-constants","-Wno-unknown-pragmas","$(inherited)");
			};
			name = Release;
		};
		59C56C8E7D39490892F623AE /* RelWithDebInfo */ = {
			isa = XCBuildConfiguration;
			buildSettings = {
				COMBINE_HIDPI_IMAGES = YES;
				EXECUTABLE_PREFIX = "";
				EXECUTABLE_SUFFIX = "";
				GCC_GENERATE_DEBUGGING_SYMBOLS = YES;
				GCC_INLINES_ARE_PRIVATE_EXTERN = NO;
				GCC_OPTIMIZATION_LEVEL = 2;
				GCC_PREPROCESSOR_DEFINITIONS = ("'CMAKE_INTDIR=\"$(CONFIGURATION)$(EFFECTIVE_PLATFORM_NAME)\"'");
				GCC_SYMBOLS_PRIVATE_EXTERN = NO;
				INSTALL_PATH = "";
				LIBRARY_SEARCH_PATHS = "";
				OTHER_CPLUSPLUSFLAGS = "       -DNDEBUG '-std=gnu++14'  ";
				OTHER_LDFLAGS = " -Wl,-search_paths_first -Wl,-headerpad_max_install_names  /Users/mo/Documents/dev/cpp/delaunator-cpp/build-xcode/RelWithDebInfo/libdelaunator.a";
				OTHER_REZFLAGS = "";
				PRODUCT_NAME = benchmark;
				SECTORDER_FLAGS = "";
				SYMROOT = "/Users/mo/Documents/dev/cpp/delaunator-cpp/build-xcode";
				USE_HEADERMAP = NO;
				WARNING_CFLAGS = ("-Wmost","-Wno-four-char-constants","-Wno-unknown-pragmas","$(inherited)");
			};
			name = RelWithDebInfo;
		};
		6047EB726CFA453BA80B50FA /* RelWithDebInfo */ = {
			isa = XCBuildConfiguration;
			buildSettings = {
				ONLY_ACTIVE_ARCH = YES;
				SDKROOT = /Applications/Xcode.app/Contents/Developer/Platforms/MacOSX.platform/Developer/SDKs/MacOSX10.13.sdk;
				SYMROOT = "/Users/mo/Documents/dev/cpp/delaunator-cpp/build-xcode/build";
			};
			name = RelWithDebInfo;
		};
		6DE1E1A63E3846679C73F583 /* Debug */ = {
			isa = XCBuildConfiguration;
			buildSettings = {
				COMBINE_HIDPI_IMAGES = YES;
				EXECUTABLE_PREFIX = lib;
				EXECUTABLE_SUFFIX = .a;
				GCC_GENERATE_DEBUGGING_SYMBOLS = YES;
				GCC_INLINES_ARE_PRIVATE_EXTERN = NO;
				GCC_OPTIMIZATION_LEVEL = 0;
				GCC_PREPROCESSOR_DEFINITIONS = ("'CMAKE_INTDIR=\"$(CONFIGURATION)$(EFFECTIVE_PLATFORM_NAME)\"'");
				GCC_SYMBOLS_PRIVATE_EXTERN = NO;
				INSTALL_PATH = "";
				LIBRARY_STYLE = STATIC;
				OTHER_CPLUSPLUSFLAGS = "   '-std=gnu++14'  ";
				OTHER_LIBTOOLFLAGS = " ";
				OTHER_REZFLAGS = "";
				PRODUCT_NAME = delaunator;
				SECTORDER_FLAGS = "";
				SYMROOT = "/Users/mo/Documents/dev/cpp/delaunator-cpp/build-xcode";
				USE_HEADERMAP = NO;
				WARNING_CFLAGS = ("-Wmost","-Wno-four-char-constants","-Wno-unknown-pragmas","$(inherited)");
			};
			name = Debug;
		};
		6F82AC0BEB104E69B3DBA839 /* MinSizeRel */ = {
			isa = XCBuildConfiguration;
			buildSettings = {
				COMBINE_HIDPI_IMAGES = YES;
				EXECUTABLE_PREFIX = lib;
				EXECUTABLE_SUFFIX = .a;
				GCC_GENERATE_DEBUGGING_SYMBOLS = NO;
				GCC_INLINES_ARE_PRIVATE_EXTERN = NO;
				GCC_OPTIMIZATION_LEVEL = s;
				GCC_PREPROCESSOR_DEFINITIONS = ("'CMAKE_INTDIR=\"$(CONFIGURATION)$(EFFECTIVE_PLATFORM_NAME)\"'");
				GCC_SYMBOLS_PRIVATE_EXTERN = NO;
				INSTALL_PATH = "";
				LIBRARY_STYLE = STATIC;
				OTHER_CPLUSPLUSFLAGS = "    -DNDEBUG '-std=gnu++14'  ";
				OTHER_LIBTOOLFLAGS = " ";
				OTHER_REZFLAGS = "";
				PRODUCT_NAME = delaunator;
				SECTORDER_FLAGS = "";
				SYMROOT = "/Users/mo/Documents/dev/cpp/delaunator-cpp/build-xcode";
				USE_HEADERMAP = NO;
				WARNING_CFLAGS = ("-Wmost","-Wno-four-char-constants","-Wno-unknown-pragmas","$(inherited)");
			};
			name = MinSizeRel;
		};
		84CC40A89AE440F08CAC42E9 /* Release */ = {
			isa = XCBuildConfiguration;
			buildSettings = {
				COMBINE_HIDPI_IMAGES = YES;
				EXECUTABLE_PREFIX = "";
				EXECUTABLE_SUFFIX = "";
				GCC_GENERATE_DEBUGGING_SYMBOLS = NO;
				GCC_INLINES_ARE_PRIVATE_EXTERN = NO;
				GCC_OPTIMIZATION_LEVEL = 3;
				GCC_PREPROCESSOR_DEFINITIONS = ("'CMAKE_INTDIR=\"$(CONFIGURATION)$(EFFECTIVE_PLATFORM_NAME)\"'");
				GCC_SYMBOLS_PRIVATE_EXTERN = NO;
				HEADER_SEARCH_PATHS = ("/Users/mo/Documents/dev/cpp/delaunator-cpp/src","/Users/mo/Documents/dev/cpp/delaunator-cpp/includes/catch/single_include/catch2");
				INSTALL_PATH = "";
				LIBRARY_SEARCH_PATHS = "";
				OTHER_CPLUSPLUSFLAGS = "    -DNDEBUG '-std=gnu++14'  ";
				OTHER_LDFLAGS = " -Wl,-search_paths_first -Wl,-headerpad_max_install_names  /Users/mo/Documents/dev/cpp/delaunator-cpp/build-xcode/Release/libdelaunator.a";
				OTHER_REZFLAGS = "";
				PRODUCT_NAME = "delaunator-tests";
				SECTORDER_FLAGS = "";
				SYMROOT = "/Users/mo/Documents/dev/cpp/delaunator-cpp/build-xcode/test";
				USE_HEADERMAP = NO;
				WARNING_CFLAGS = ("-Wmost","-Wno-four-char-constants","-Wno-unknown-pragmas","$(inherited)");
			};
			name = Release;
		};
		898A109EB54049FBA7531522 /* Debug */ = {
			isa = XCBuildConfiguration;
			buildSettings = {
				COMBINE_HIDPI_IMAGES = YES;
				GCC_GENERATE_DEBUGGING_SYMBOLS = YES;
				GCC_INLINES_ARE_PRIVATE_EXTERN = NO;
				GCC_OPTIMIZATION_LEVEL = 0;
				GCC_PREPROCESSOR_DEFINITIONS = ("'CMAKE_INTDIR=\"$(CONFIGURATION)$(EFFECTIVE_PLATFORM_NAME)\"'");
				GCC_SYMBOLS_PRIVATE_EXTERN = NO;
				INSTALL_PATH = "";
				OTHER_LDFLAGS = " ";
				OTHER_REZFLAGS = "";
				PRODUCT_NAME = ZERO_CHECK;
				SECTORDER_FLAGS = "";
				SYMROOT = "/Users/mo/Documents/dev/cpp/delaunator-cpp/build-xcode";
				USE_HEADERMAP = NO;
				WARNING_CFLAGS = ("-Wmost","-Wno-four-char-constants","-Wno-unknown-pragmas","$(inherited)");
			};
			name = Debug;
		};
		9E42AA1976FA436CB722A2A0 /* Release */ = {
			isa = XCBuildConfiguration;
			buildSettings = {
				COMBINE_HIDPI_IMAGES = YES;
				EXECUTABLE_PREFIX = "";
				EXECUTABLE_SUFFIX = "";
				GCC_GENERATE_DEBUGGING_SYMBOLS = NO;
				GCC_INLINES_ARE_PRIVATE_EXTERN = NO;
				GCC_OPTIMIZATION_LEVEL = 3;
				GCC_PREPROCESSOR_DEFINITIONS = ("'CMAKE_INTDIR=\"$(CONFIGURATION)$(EFFECTIVE_PLATFORM_NAME)\"'");
				GCC_SYMBOLS_PRIVATE_EXTERN = NO;
				INSTALL_PATH = "";
				LIBRARY_SEARCH_PATHS = "";
				OTHER_CPLUSPLUSFLAGS = "    -DNDEBUG '-std=gnu++14'  ";
				OTHER_LDFLAGS = " -Wl,-search_paths_first -Wl,-headerpad_max_install_names  /Users/mo/Documents/dev/cpp/delaunator-cpp/build-xcode/Release/libdelaunator.a";
				OTHER_REZFLAGS = "";
				PRODUCT_NAME = benchmark;
				SECTORDER_FLAGS = "";
				SYMROOT = "/Users/mo/Documents/dev/cpp/delaunator-cpp/build-xcode";
				USE_HEADERMAP = NO;
				WARNING_CFLAGS = ("-Wmost","-Wno-four-char-constants","-Wno-unknown-pragmas","$(inherited)");
			};
			name = Release;
		};
		A9EAD203054D429E9CB8147D /* Debug */ = {
			isa = XCBuildConfiguration;
			buildSettings = {
				ONLY_ACTIVE_ARCH = YES;
				SDKROOT = /Applications/Xcode.app/Contents/Developer/Platforms/MacOSX.platform/Developer/SDKs/MacOSX10.13.sdk;
				SYMROOT = "/Users/mo/Documents/dev/cpp/delaunator-cpp/build-xcode/build";
			};
			name = Debug;
		};
		C157079A7F2D40618D41F112 /* RelWithDebInfo */ = {
			isa = XCBuildConfiguration;
			buildSettings = {
				COMBINE_HIDPI_IMAGES = YES;
				EXECUTABLE_PREFIX = lib;
				EXECUTABLE_SUFFIX = .a;
				GCC_GENERATE_DEBUGGING_SYMBOLS = YES;
				GCC_INLINES_ARE_PRIVATE_EXTERN = NO;
				GCC_OPTIMIZATION_LEVEL = 2;
				GCC_PREPROCESSOR_DEFINITIONS = ("'CMAKE_INTDIR=\"$(CONFIGURATION)$(EFFECTIVE_PLATFORM_NAME)\"'");
				GCC_SYMBOLS_PRIVATE_EXTERN = NO;
				INSTALL_PATH = "";
				LIBRARY_STYLE = STATIC;
				OTHER_CPLUSPLUSFLAGS = "       -DNDEBUG '-std=gnu++14'  ";
				OTHER_LIBTOOLFLAGS = " ";
				OTHER_REZFLAGS = "";
				PRODUCT_NAME = delaunator;
				SECTORDER_FLAGS = "";
				SYMROOT = "/Users/mo/Documents/dev/cpp/delaunator-cpp/build-xcode";
				USE_HEADERMAP = NO;
				WARNING_CFLAGS = ("-Wmost","-Wno-four-char-constants","-Wno-unknown-pragmas","$(inherited)");
			};
			name = RelWithDebInfo;
		};
		E2EC1E932E3B4E439BA18D0B /* Debug */ = {
			isa = XCBuildConfiguration;
			buildSettings = {
				COMBINE_HIDPI_IMAGES = YES;
				EXECUTABLE_PREFIX = "";
				EXECUTABLE_SUFFIX = "";
				GCC_GENERATE_DEBUGGING_SYMBOLS = YES;
				GCC_INLINES_ARE_PRIVATE_EXTERN = NO;
				GCC_OPTIMIZATION_LEVEL = 0;
				GCC_PREPROCESSOR_DEFINITIONS = ("'CMAKE_INTDIR=\"$(CONFIGURATION)$(EFFECTIVE_PLATFORM_NAME)\"'");
				GCC_SYMBOLS_PRIVATE_EXTERN = NO;
				INSTALL_PATH = "";
				LIBRARY_SEARCH_PATHS = "";
				OTHER_CPLUSPLUSFLAGS = "   '-std=gnu++14'  ";
				OTHER_LDFLAGS = " -Wl,-search_paths_first -Wl,-headerpad_max_install_names  /Users/mo/Documents/dev/cpp/delaunator-cpp/build-xcode/Debug/libdelaunator.a";
				OTHER_REZFLAGS = "";
				PRODUCT_NAME = benchmark;
				SECTORDER_FLAGS = "";
				SYMROOT = "/Users/mo/Documents/dev/cpp/delaunator-cpp/build-xcode";
				USE_HEADERMAP = NO;
				WARNING_CFLAGS = ("-Wmost","-Wno-four-char-constants","-Wno-unknown-pragmas","$(inherited)");
			};
			name = Debug;
		};
		E8E498697AA7418AB8F3AFBA /* Release */ = {
			isa = XCBuildConfiguration;
			buildSettings = {
				ONLY_ACTIVE_ARCH = YES;
				SDKROOT = /Applications/Xcode.app/Contents/Developer/Platforms/MacOSX.platform/Developer/SDKs/MacOSX10.13.sdk;
				SYMROOT = "/Users/mo/Documents/dev/cpp/delaunator-cpp/build-xcode/build";
			};
			name = Release;
		};
		EB9F54D3325642EF9593558D /* Debug */ = {
			isa = XCBuildConfiguration;
			buildSettings = {
				COMBINE_HIDPI_IMAGES = YES;
				EXECUTABLE_PREFIX = "";
				EXECUTABLE_SUFFIX = "";
				GCC_GENERATE_DEBUGGING_SYMBOLS = YES;
				GCC_INLINES_ARE_PRIVATE_EXTERN = NO;
				GCC_OPTIMIZATION_LEVEL = 0;
				GCC_PREPROCESSOR_DEFINITIONS = ("'CMAKE_INTDIR=\"$(CONFIGURATION)$(EFFECTIVE_PLATFORM_NAME)\"'");
				GCC_SYMBOLS_PRIVATE_EXTERN = NO;
				HEADER_SEARCH_PATHS = ("/Users/mo/Documents/dev/cpp/delaunator-cpp/src","/Users/mo/Documents/dev/cpp/delaunator-cpp/includes/catch/single_include/catch2");
				INSTALL_PATH = "";
				LIBRARY_SEARCH_PATHS = "";
				OTHER_CPLUSPLUSFLAGS = "   '-std=gnu++14'  ";
				OTHER_LDFLAGS = " -Wl,-search_paths_first -Wl,-headerpad_max_install_names  /Users/mo/Documents/dev/cpp/delaunator-cpp/build-xcode/Debug/libdelaunator.a";
				OTHER_REZFLAGS = "";
				PRODUCT_NAME = "delaunator-tests";
				SECTORDER_FLAGS = "";
				SYMROOT = "/Users/mo/Documents/dev/cpp/delaunator-cpp/build-xcode/test";
				USE_HEADERMAP = NO;
				WARNING_CFLAGS = ("-Wmost","-Wno-four-char-constants","-Wno-unknown-pragmas","$(inherited)");
			};
			name = Debug;
		};
		FD640BB6689C4519B28655CD /* MinSizeRel */ = {
			isa = XCBuildConfiguration;
			buildSettings = {
				COMBINE_HIDPI_IMAGES = YES;
				GCC_GENERATE_DEBUGGING_SYMBOLS = YES;
				GCC_INLINES_ARE_PRIVATE_EXTERN = NO;
				GCC_OPTIMIZATION_LEVEL = 0;
				GCC_PREPROCESSOR_DEFINITIONS = ("'CMAKE_INTDIR=\"$(CONFIGURATION)$(EFFECTIVE_PLATFORM_NAME)\"'");
				GCC_SYMBOLS_PRIVATE_EXTERN = NO;
				INSTALL_PATH = "";
				OTHER_LDFLAGS = " ";
				OTHER_REZFLAGS = "";
				PRODUCT_NAME = ZERO_CHECK;
				SECTORDER_FLAGS = "";
				SYMROOT = "/Users/mo/Documents/dev/cpp/delaunator-cpp/build-xcode";
				USE_HEADERMAP = NO;
				WARNING_CFLAGS = ("-Wmost","-Wno-four-char-constants","-Wno-unknown-pragmas","$(inherited)");
			};
			name = MinSizeRel;
		};
/* End XCBuildConfiguration section */

/* Begin XCConfigurationList section */
		06C34538F4B94DE2B591411D /* Build configuration list for PBXAggregateTarget "ALL_BUILD" */ = {
			isa = XCConfigurationList;
			buildConfigurations = (
				40179AA4DE5F42729C5C0DFE /* Debug */,
				356EDD6450824E13844D57F5 /* Release */,
				176621324E894D368BEC8696 /* MinSizeRel */,
				19B6DAA2D63E4092A6ABAA69 /* RelWithDebInfo */,
			);
			defaultConfigurationIsVisible = 0;
			defaultConfigurationName = Debug;
		};
		620E872A145A48458FC5C4A7 /* Build configuration list for PBXNativeTarget "delaunator" */ = {
			isa = XCConfigurationList;
			buildConfigurations = (
				6DE1E1A63E3846679C73F583 /* Debug */,
				4FA8B7F8C08B4EAE898AB68F /* Release */,
				6F82AC0BEB104E69B3DBA839 /* MinSizeRel */,
				C157079A7F2D40618D41F112 /* RelWithDebInfo */,
			);
			defaultConfigurationIsVisible = 0;
			defaultConfigurationName = Debug;
		};
		850B299B30DE48F581E9D86D /* Build configuration list for PBXNativeTarget "delaunator-tests" */ = {
			isa = XCConfigurationList;
			buildConfigurations = (
				EB9F54D3325642EF9593558D /* Debug */,
				84CC40A89AE440F08CAC42E9 /* Release */,
				3FB6B118F989456BB864B853 /* MinSizeRel */,
				39398644B5DF4D6FA87447A0 /* RelWithDebInfo */,
			);
			defaultConfigurationIsVisible = 0;
			defaultConfigurationName = Debug;
		};
		AC6DA38E5DC442749CF631F0 /* Build configuration list for PBXAggregateTarget "ZERO_CHECK" */ = {
			isa = XCConfigurationList;
			buildConfigurations = (
				898A109EB54049FBA7531522 /* Debug */,
				47FDEB2F2D66428C9FE56467 /* Release */,
				FD640BB6689C4519B28655CD /* MinSizeRel */,
				4BB3909AC5D44CA8B6E2B63D /* RelWithDebInfo */,
			);
			defaultConfigurationIsVisible = 0;
			defaultConfigurationName = Debug;
		};
		E551C6BF00414944946615BA /* Build configuration list for PBXProject "delaunator" */ = {
			isa = XCConfigurationList;
			buildConfigurations = (
				A9EAD203054D429E9CB8147D /* Debug */,
				E8E498697AA7418AB8F3AFBA /* Release */,
				33443EB628C44EDFB10D7141 /* MinSizeRel */,
				6047EB726CFA453BA80B50FA /* RelWithDebInfo */,
			);
			defaultConfigurationIsVisible = 0;
			defaultConfigurationName = Debug;
		};
		FB4C8FE209D54F699677AF65 /* Build configuration list for PBXNativeTarget "benchmark" */ = {
			isa = XCConfigurationList;
			buildConfigurations = (
				E2EC1E932E3B4E439BA18D0B /* Debug */,
				9E42AA1976FA436CB722A2A0 /* Release */,
				00D1ADA75BF04CCCAB1448F0 /* MinSizeRel */,
				59C56C8E7D39490892F623AE /* RelWithDebInfo */,
			);
			defaultConfigurationIsVisible = 0;
			defaultConfigurationName = Debug;
		};
/* End XCConfigurationList section */
	};
	rootObject = 3DD1CA54E11B4E64935C74B9 /* Project object */;
}
